
Microsoft Visual Studio Solution File, Format Version 12.00
Project("{FAE04EC0-301F-11D3-BF4B-00C04F79EFBC}") = "Notes-Backend", "Notes-Backend\Notes-Backend.csproj", "{9FECA6F5-39D7-4D50-9477-1D402ACDA9BB}"
EndProject
Global
	GlobalSection(SolutionConfigurationPlatforms) = preSolution
		Debug|Any CPU = Debug|Any CPU
		Release|Any CPU = Release|Any CPU
	EndGlobalSection
	GlobalSection(ProjectConfigurationPlatforms) = postSolution
		{9FECA6F5-39D7-4D50-9477-1D402ACDA9BB}.Debug|Any CPU.ActiveCfg = Debug|Any CPU
		{9FECA6F5-39D7-4D50-9477-1D402ACDA9BB}.Debug|Any CPU.Build.0 = Debug|Any CPU
		{9FECA6F5-39D7-4D50-9477-1D402ACDA9BB}.Release|Any CPU.ActiveCfg = Release|Any CPU
		{9FECA6F5-39D7-4D50-9477-1D402ACDA9BB}.Release|Any CPU.Build.0 = Release|Any CPU
	EndGlobalSection
EndGlobal
